// !$*UTF8*$!
{
	archiveVersion = 1;
	classes = {
	};
	objectVersion = 56;
	objects = {

/* Begin PBXBuildFile section */
		0B2FC2162B16A59F003F8506 /* SearchScreen.swift in Sources */ = {isa = PBXBuildFile; fileRef = 0B2FC2152B16A59F003F8506 /* SearchScreen.swift */; };
		0B2FC2182B16A5C7003F8506 /* SearchViewController.swift in Sources */ = {isa = PBXBuildFile; fileRef = 0B2FC2172B16A5C7003F8506 /* SearchViewController.swift */; };
		0B75BBB52B13929A002FAFC2 /* DetailsScreen.swift in Sources */ = {isa = PBXBuildFile; fileRef = 0B75BBB42B13929A002FAFC2 /* DetailsScreen.swift */; };
		0B75BBB72B1392B0002FAFC2 /* DetailsViewController.swift in Sources */ = {isa = PBXBuildFile; fileRef = 0B75BBB62B1392B0002FAFC2 /* DetailsViewController.swift */; };
		0B75BBBC2B13CDB2002FAFC2 /* DetailsCollectionViewCell.swift in Sources */ = {isa = PBXBuildFile; fileRef = 0B75BBBB2B13CDB2002FAFC2 /* DetailsCollectionViewCell.swift */; };
		0B75BBBE2B13D674002FAFC2 /* DetailsCollectionViewScreen.swift in Sources */ = {isa = PBXBuildFile; fileRef = 0B75BBBD2B13D674002FAFC2 /* DetailsCollectionViewScreen.swift */; };
		0B75BBC12B1403A7002FAFC2 /* CollectionModel.swift in Sources */ = {isa = PBXBuildFile; fileRef = 0B75BBC02B1403A7002FAFC2 /* CollectionModel.swift */; };
		0B75BBC42B140DA8002FAFC2 /* HomeTableViewScreen.swift in Sources */ = {isa = PBXBuildFile; fileRef = 0B75BBC32B140DA8002FAFC2 /* HomeTableViewScreen.swift */; };
		0B75BBC62B140DC0002FAFC2 /* HomeTableViewCell.swift in Sources */ = {isa = PBXBuildFile; fileRef = 0B75BBC52B140DC0002FAFC2 /* HomeTableViewCell.swift */; };
		0B9848542B12B52E004DBE16 /* HomeScreen.swift in Sources */ = {isa = PBXBuildFile; fileRef = 0B9848532B12B52E004DBE16 /* HomeScreen.swift */; };
		4C33FF2E2A75A2640002E765 /* UIColor+ext.swift in Sources */ = {isa = PBXBuildFile; fileRef = 4C33FF2D2A75A2640002E765 /* UIColor+ext.swift */; };
		4C33FF332A75A3F40002E765 /* DS.swift in Sources */ = {isa = PBXBuildFile; fileRef = 4C33FF322A75A3F40002E765 /* DS.swift */; };
		4C33FF352A75A4550002E765 /* DS+Colors.swift in Sources */ = {isa = PBXBuildFile; fileRef = 4C33FF342A75A4550002E765 /* DS+Colors.swift */; };
		4C3862A42A758819005C9C3B /* AppDelegate.swift in Sources */ = {isa = PBXBuildFile; fileRef = 4C3862A32A758819005C9C3B /* AppDelegate.swift */; };
		4C3862A62A758819005C9C3B /* SceneDelegate.swift in Sources */ = {isa = PBXBuildFile; fileRef = 4C3862A52A758819005C9C3B /* SceneDelegate.swift */; };
		4C3862A82A758819005C9C3B /* HomeViewController.swift in Sources */ = {isa = PBXBuildFile; fileRef = 4C3862A72A758819005C9C3B /* HomeViewController.swift */; };
		4C3862AD2A75881C005C9C3B /* Assets.xcassets in Resources */ = {isa = PBXBuildFile; fileRef = 4C3862AC2A75881C005C9C3B /* Assets.xcassets */; };
		4C3862B02A75881C005C9C3B /* LaunchScreen.storyboard in Resources */ = {isa = PBXBuildFile; fileRef = 4C3862AE2A75881C005C9C3B /* LaunchScreen.storyboard */; };
/* End PBXBuildFile section */

/* Begin PBXFileReference section */
		0B2FC2152B16A59F003F8506 /* SearchScreen.swift */ = {isa = PBXFileReference; lastKnownFileType = sourcecode.swift; path = SearchScreen.swift; sourceTree = "<group>"; };
		0B2FC2172B16A5C7003F8506 /* SearchViewController.swift */ = {isa = PBXFileReference; lastKnownFileType = sourcecode.swift; path = SearchViewController.swift; sourceTree = "<group>"; };
		0B75BBB42B13929A002FAFC2 /* DetailsScreen.swift */ = {isa = PBXFileReference; lastKnownFileType = sourcecode.swift; path = DetailsScreen.swift; sourceTree = "<group>"; };
		0B75BBB62B1392B0002FAFC2 /* DetailsViewController.swift */ = {isa = PBXFileReference; lastKnownFileType = sourcecode.swift; path = DetailsViewController.swift; sourceTree = "<group>"; };
		0B75BBBB2B13CDB2002FAFC2 /* DetailsCollectionViewCell.swift */ = {isa = PBXFileReference; lastKnownFileType = sourcecode.swift; path = DetailsCollectionViewCell.swift; sourceTree = "<group>"; };
		0B75BBBD2B13D674002FAFC2 /* DetailsCollectionViewScreen.swift */ = {isa = PBXFileReference; lastKnownFileType = sourcecode.swift; path = DetailsCollectionViewScreen.swift; sourceTree = "<group>"; };
		0B75BBC02B1403A7002FAFC2 /* CollectionModel.swift */ = {isa = PBXFileReference; lastKnownFileType = sourcecode.swift; path = CollectionModel.swift; sourceTree = "<group>"; };
		0B75BBC32B140DA8002FAFC2 /* HomeTableViewScreen.swift */ = {isa = PBXFileReference; lastKnownFileType = sourcecode.swift; path = HomeTableViewScreen.swift; sourceTree = "<group>"; };
		0B75BBC52B140DC0002FAFC2 /* HomeTableViewCell.swift */ = {isa = PBXFileReference; lastKnownFileType = sourcecode.swift; path = HomeTableViewCell.swift; sourceTree = "<group>"; };
		0B9848532B12B52E004DBE16 /* HomeScreen.swift */ = {isa = PBXFileReference; lastKnownFileType = sourcecode.swift; path = HomeScreen.swift; sourceTree = "<group>"; };
		4C33FF2D2A75A2640002E765 /* UIColor+ext.swift */ = {isa = PBXFileReference; lastKnownFileType = sourcecode.swift; path = "UIColor+ext.swift"; sourceTree = "<group>"; };
		4C33FF322A75A3F40002E765 /* DS.swift */ = {isa = PBXFileReference; lastKnownFileType = sourcecode.swift; path = DS.swift; sourceTree = "<group>"; };
		4C33FF342A75A4550002E765 /* DS+Colors.swift */ = {isa = PBXFileReference; lastKnownFileType = sourcecode.swift; path = "DS+Colors.swift"; sourceTree = "<group>"; };
		4C33FF452A760A030002E765 /* Material */ = {isa = PBXFileReference; lastKnownFileType = folder; path = Material; sourceTree = "<group>"; };
		4C3862A02A758819005C9C3B /* DevPoliChallenge.app */ = {isa = PBXFileReference; explicitFileType = wrapper.application; includeInIndex = 0; path = DevPoliChallenge.app; sourceTree = BUILT_PRODUCTS_DIR; };
		4C3862A32A758819005C9C3B /* AppDelegate.swift */ = {isa = PBXFileReference; lastKnownFileType = sourcecode.swift; path = AppDelegate.swift; sourceTree = "<group>"; };
		4C3862A52A758819005C9C3B /* SceneDelegate.swift */ = {isa = PBXFileReference; lastKnownFileType = sourcecode.swift; path = SceneDelegate.swift; sourceTree = "<group>"; };
		4C3862A72A758819005C9C3B /* HomeViewController.swift */ = {isa = PBXFileReference; lastKnownFileType = sourcecode.swift; path = HomeViewController.swift; sourceTree = "<group>"; };
		4C3862AC2A75881C005C9C3B /* Assets.xcassets */ = {isa = PBXFileReference; lastKnownFileType = folder.assetcatalog; path = Assets.xcassets; sourceTree = "<group>"; };
		4C3862AF2A75881C005C9C3B /* Base */ = {isa = PBXFileReference; lastKnownFileType = file.storyboard; name = Base; path = Base.lproj/LaunchScreen.storyboard; sourceTree = "<group>"; };
		4C3862B12A75881C005C9C3B /* Info.plist */ = {isa = PBXFileReference; lastKnownFileType = text.plist.xml; path = Info.plist; sourceTree = "<group>"; };
/* End PBXFileReference section */

/* Begin PBXFrameworksBuildPhase section */
		4C38629D2A758819005C9C3B /* Frameworks */ = {
			isa = PBXFrameworksBuildPhase;
			buildActionMask = 2147483647;
			files = (
			);
			runOnlyForDeploymentPostprocessing = 0;
		};
/* End PBXFrameworksBuildPhase section */

/* Begin PBXGroup section */
		0B2FC2142B16A57E003F8506 /* Search */ = {
			isa = PBXGroup;
			children = (
				0B2FC2152B16A59F003F8506 /* SearchScreen.swift */,
				0B2FC2172B16A5C7003F8506 /* SearchViewController.swift */,
			);
			path = Search;
			sourceTree = "<group>";
		};
		0B75BBB32B139268002FAFC2 /* Details */ = {
			isa = PBXGroup;
			children = (
				0B75BBB42B13929A002FAFC2 /* DetailsScreen.swift */,
				0B75BBB62B1392B0002FAFC2 /* DetailsViewController.swift */,
			);
			path = Details;
			sourceTree = "<group>";
		};
		0B75BBBA2B13CD66002FAFC2 /* CollectionCell */ = {
			isa = PBXGroup;
			children = (
				0B75BBBB2B13CDB2002FAFC2 /* DetailsCollectionViewCell.swift */,
				0B75BBBD2B13D674002FAFC2 /* DetailsCollectionViewScreen.swift */,
			);
			path = CollectionCell;
			sourceTree = "<group>";
		};
		0B75BBBF2B140394002FAFC2 /* Model */ = {
			isa = PBXGroup;
			children = (
				0B75BBC02B1403A7002FAFC2 /* CollectionModel.swift */,
			);
			path = Model;
			sourceTree = "<group>";
		};
		0B75BBC22B140D76002FAFC2 /* TableViewCell */ = {
			isa = PBXGroup;
			children = (
				0B75BBC32B140DA8002FAFC2 /* HomeTableViewScreen.swift */,
				0B75BBC52B140DC0002FAFC2 /* HomeTableViewCell.swift */,
			);
			path = TableViewCell;
			sourceTree = "<group>";
		};
		4C33FF2C2A75A2560002E765 /* Utils */ = {
			isa = PBXGroup;
			children = (
				4C33FF2D2A75A2640002E765 /* UIColor+ext.swift */,
			);
			path = Utils;
			sourceTree = "<group>";
		};
		4C33FF2F2A75A3810002E765 /* DesignSystem */ = {
			isa = PBXGroup;
			children = (
				4C33FF342A75A4550002E765 /* DS+Colors.swift */,
				4C33FF322A75A3F40002E765 /* DS.swift */,
			);
			path = DesignSystem;
			sourceTree = "<group>";
		};
		4C3862972A758819005C9C3B = {
			isa = PBXGroup;
			children = (
				4C3862A22A758819005C9C3B /* DevPoliChallenge */,
				4C33FF452A760A030002E765 /* Material */,
				4C3862A12A758819005C9C3B /* Products */,
			);
			sourceTree = "<group>";
		};
		4C3862A12A758819005C9C3B /* Products */ = {
			isa = PBXGroup;
			children = (
				4C3862A02A758819005C9C3B /* DevPoliChallenge.app */,
			);
			name = Products;
			sourceTree = "<group>";
		};
		4C3862A22A758819005C9C3B /* DevPoliChallenge */ = {
			isa = PBXGroup;
			children = (
				0B2FC2142B16A57E003F8506 /* Search */,
				0B75BBC22B140D76002FAFC2 /* TableViewCell */,
				0B75BBBF2B140394002FAFC2 /* Model */,
				0B75BBBA2B13CD66002FAFC2 /* CollectionCell */,
				0B75BBB32B139268002FAFC2 /* Details */,
				4C33FF2F2A75A3810002E765 /* DesignSystem */,
				4C33FF2C2A75A2560002E765 /* Utils */,
				4C3862B92A758A98005C9C3B /* Home */,
				4C3862B82A758A36005C9C3B /* Resources */,
				4C3862B72A758A2A005C9C3B /* App */,
			);
			path = DevPoliChallenge;
			sourceTree = "<group>";
		};
		4C3862B72A758A2A005C9C3B /* App */ = {
			isa = PBXGroup;
			children = (
				4C3862A32A758819005C9C3B /* AppDelegate.swift */,
				4C3862A52A758819005C9C3B /* SceneDelegate.swift */,
			);
			path = App;
			sourceTree = "<group>";
		};
		4C3862B82A758A36005C9C3B /* Resources */ = {
			isa = PBXGroup;
			children = (
				4C3862AE2A75881C005C9C3B /* LaunchScreen.storyboard */,
				4C3862AC2A75881C005C9C3B /* Assets.xcassets */,
				4C3862B12A75881C005C9C3B /* Info.plist */,
			);
			path = Resources;
			sourceTree = "<group>";
		};
		4C3862B92A758A98005C9C3B /* Home */ = {
			isa = PBXGroup;
			children = (
				0B9848532B12B52E004DBE16 /* HomeScreen.swift */,
				4C3862A72A758819005C9C3B /* HomeViewController.swift */,
			);
			path = Home;
			sourceTree = "<group>";
		};
/* End PBXGroup section */

/* Begin PBXNativeTarget section */
		4C38629F2A758819005C9C3B /* DevPoliChallenge */ = {
			isa = PBXNativeTarget;
			buildConfigurationList = 4C3862B42A75881C005C9C3B /* Build configuration list for PBXNativeTarget "DevPoliChallenge" */;
			buildPhases = (
				4C38629C2A758819005C9C3B /* Sources */,
				4C38629D2A758819005C9C3B /* Frameworks */,
				4C38629E2A758819005C9C3B /* Resources */,
			);
			buildRules = (
			);
			dependencies = (
			);
			name = DevPoliChallenge;
			productName = DevPoliChallenge;
			productReference = 4C3862A02A758819005C9C3B /* DevPoliChallenge.app */;
			productType = "com.apple.product-type.application";
		};
/* End PBXNativeTarget section */

/* Begin PBXProject section */
		4C3862982A758819005C9C3B /* Project object */ = {
			isa = PBXProject;
			attributes = {
				BuildIndependentTargetsInParallel = 1;
				LastSwiftUpdateCheck = 1430;
				LastUpgradeCheck = 1430;
				ORGANIZATIONNAME = DevPoli;
				TargetAttributes = {
					4C38629F2A758819005C9C3B = {
						CreatedOnToolsVersion = 14.3.1;
					};
				};
			};
			buildConfigurationList = 4C38629B2A758819005C9C3B /* Build configuration list for PBXProject "DevPoliChallenge" */;
			compatibilityVersion = "Xcode 14.0";
			developmentRegion = en;
			hasScannedForEncodings = 0;
			knownRegions = (
				en,
				Base,
			);
			mainGroup = 4C3862972A758819005C9C3B;
			productRefGroup = 4C3862A12A758819005C9C3B /* Products */;
			projectDirPath = "";
			projectRoot = "";
			targets = (
				4C38629F2A758819005C9C3B /* DevPoliChallenge */,
			);
		};
/* End PBXProject section */

/* Begin PBXResourcesBuildPhase section */
		4C38629E2A758819005C9C3B /* Resources */ = {
			isa = PBXResourcesBuildPhase;
			buildActionMask = 2147483647;
			files = (
				4C3862B02A75881C005C9C3B /* LaunchScreen.storyboard in Resources */,
				4C3862AD2A75881C005C9C3B /* Assets.xcassets in Resources */,
			);
			runOnlyForDeploymentPostprocessing = 0;
		};
/* End PBXResourcesBuildPhase section */

/* Begin PBXSourcesBuildPhase section */
		4C38629C2A758819005C9C3B /* Sources */ = {
			isa = PBXSourcesBuildPhase;
			buildActionMask = 2147483647;
			files = (
				4C3862A82A758819005C9C3B /* HomeViewController.swift in Sources */,
				4C33FF352A75A4550002E765 /* DS+Colors.swift in Sources */,
				0B75BBC62B140DC0002FAFC2 /* HomeTableViewCell.swift in Sources */,
				0B75BBBE2B13D674002FAFC2 /* DetailsCollectionViewScreen.swift in Sources */,
				0B75BBB72B1392B0002FAFC2 /* DetailsViewController.swift in Sources */,
				0B9848542B12B52E004DBE16 /* HomeScreen.swift in Sources */,
				0B75BBC42B140DA8002FAFC2 /* HomeTableViewScreen.swift in Sources */,
				0B75BBC12B1403A7002FAFC2 /* CollectionModel.swift in Sources */,
				4C33FF332A75A3F40002E765 /* DS.swift in Sources */,
				0B75BBB52B13929A002FAFC2 /* DetailsScreen.swift in Sources */,
				0B2FC2182B16A5C7003F8506 /* SearchViewController.swift in Sources */,
				4C33FF2E2A75A2640002E765 /* UIColor+ext.swift in Sources */,
				0B2FC2162B16A59F003F8506 /* SearchScreen.swift in Sources */,
				0B75BBBC2B13CDB2002FAFC2 /* DetailsCollectionViewCell.swift in Sources */,
				4C3862A42A758819005C9C3B /* AppDelegate.swift in Sources */,
				4C3862A62A758819005C9C3B /* SceneDelegate.swift in Sources */,
			);
			runOnlyForDeploymentPostprocessing = 0;
		};
/* End PBXSourcesBuildPhase section */

/* Begin PBXVariantGroup section */
		4C3862AE2A75881C005C9C3B /* LaunchScreen.storyboard */ = {
			isa = PBXVariantGroup;
			children = (
				4C3862AF2A75881C005C9C3B /* Base */,
			);
			name = LaunchScreen.storyboard;
			sourceTree = "<group>";
		};
/* End PBXVariantGroup section */

/* Begin XCBuildConfiguration section */
		4C3862B22A75881C005C9C3B /* Debug */ = {
			isa = XCBuildConfiguration;
			buildSettings = {
				ALWAYS_SEARCH_USER_PATHS = NO;
				CLANG_ANALYZER_NONNULL = YES;
				CLANG_ANALYZER_NUMBER_OBJECT_CONVERSION = YES_AGGRESSIVE;
				CLANG_CXX_LANGUAGE_STANDARD = "gnu++20";
				CLANG_ENABLE_MODULES = YES;
				CLANG_ENABLE_OBJC_ARC = YES;
				CLANG_ENABLE_OBJC_WEAK = YES;
				CLANG_WARN_BLOCK_CAPTURE_AUTORELEASING = YES;
				CLANG_WARN_BOOL_CONVERSION = YES;
				CLANG_WARN_COMMA = YES;
				CLANG_WARN_CONSTANT_CONVERSION = YES;
				CLANG_WARN_DEPRECATED_OBJC_IMPLEMENTATIONS = YES;
				CLANG_WARN_DIRECT_OBJC_ISA_USAGE = YES_ERROR;
				CLANG_WARN_DOCUMENTATION_COMMENTS = YES;
				CLANG_WARN_EMPTY_BODY = YES;
				CLANG_WARN_ENUM_CONVERSION = YES;
				CLANG_WARN_INFINITE_RECURSION = YES;
				CLANG_WARN_INT_CONVERSION = YES;
				CLANG_WARN_NON_LITERAL_NULL_CONVERSION = YES;
				CLANG_WARN_OBJC_IMPLICIT_RETAIN_SELF = YES;
				CLANG_WARN_OBJC_LITERAL_CONVERSION = YES;
				CLANG_WARN_OBJC_ROOT_CLASS = YES_ERROR;
				CLANG_WARN_QUOTED_INCLUDE_IN_FRAMEWORK_HEADER = YES;
				CLANG_WARN_RANGE_LOOP_ANALYSIS = YES;
				CLANG_WARN_STRICT_PROTOTYPES = YES;
				CLANG_WARN_SUSPICIOUS_MOVE = YES;
				CLANG_WARN_UNGUARDED_AVAILABILITY = YES_AGGRESSIVE;
				CLANG_WARN_UNREACHABLE_CODE = YES;
				CLANG_WARN__DUPLICATE_METHOD_MATCH = YES;
				COPY_PHASE_STRIP = NO;
				DEBUG_INFORMATION_FORMAT = dwarf;
				ENABLE_STRICT_OBJC_MSGSEND = YES;
				ENABLE_TESTABILITY = YES;
				GCC_C_LANGUAGE_STANDARD = gnu11;
				GCC_DYNAMIC_NO_PIC = NO;
				GCC_NO_COMMON_BLOCKS = YES;
				GCC_OPTIMIZATION_LEVEL = 0;
				GCC_PREPROCESSOR_DEFINITIONS = (
					"DEBUG=1",
					"$(inherited)",
				);
				GCC_WARN_64_TO_32_BIT_CONVERSION = YES;
				GCC_WARN_ABOUT_RETURN_TYPE = YES_ERROR;
				GCC_WARN_UNDECLARED_SELECTOR = YES;
				GCC_WARN_UNINITIALIZED_AUTOS = YES_AGGRESSIVE;
				GCC_WARN_UNUSED_FUNCTION = YES;
				GCC_WARN_UNUSED_VARIABLE = YES;
				IPHONEOS_DEPLOYMENT_TARGET = 16.4;
				MTL_ENABLE_DEBUG_INFO = INCLUDE_SOURCE;
				MTL_FAST_MATH = YES;
				ONLY_ACTIVE_ARCH = YES;
				SDKROOT = iphoneos;
				SWIFT_ACTIVE_COMPILATION_CONDITIONS = DEBUG;
				SWIFT_OPTIMIZATION_LEVEL = "-Onone";
			};
			name = Debug;
		};
		4C3862B32A75881C005C9C3B /* Release */ = {
			isa = XCBuildConfiguration;
			buildSettings = {
				ALWAYS_SEARCH_USER_PATHS = NO;
				CLANG_ANALYZER_NONNULL = YES;
				CLANG_ANALYZER_NUMBER_OBJECT_CONVERSION = YES_AGGRESSIVE;
				CLANG_CXX_LANGUAGE_STANDARD = "gnu++20";
				CLANG_ENABLE_MODULES = YES;
				CLANG_ENABLE_OBJC_ARC = YES;
				CLANG_ENABLE_OBJC_WEAK = YES;
				CLANG_WARN_BLOCK_CAPTURE_AUTORELEASING = YES;
				CLANG_WARN_BOOL_CONVERSION = YES;
				CLANG_WARN_COMMA = YES;
				CLANG_WARN_CONSTANT_CONVERSION = YES;
				CLANG_WARN_DEPRECATED_OBJC_IMPLEMENTATIONS = YES;
				CLANG_WARN_DIRECT_OBJC_ISA_USAGE = YES_ERROR;
				CLANG_WARN_DOCUMENTATION_COMMENTS = YES;
				CLANG_WARN_EMPTY_BODY = YES;
				CLANG_WARN_ENUM_CONVERSION = YES;
				CLANG_WARN_INFINITE_RECURSION = YES;
				CLANG_WARN_INT_CONVERSION = YES;
				CLANG_WARN_NON_LITERAL_NULL_CONVERSION = YES;
				CLANG_WARN_OBJC_IMPLICIT_RETAIN_SELF = YES;
				CLANG_WARN_OBJC_LITERAL_CONVERSION = YES;
				CLANG_WARN_OBJC_ROOT_CLASS = YES_ERROR;
				CLANG_WARN_QUOTED_INCLUDE_IN_FRAMEWORK_HEADER = YES;
				CLANG_WARN_RANGE_LOOP_ANALYSIS = YES;
				CLANG_WARN_STRICT_PROTOTYPES = YES;
				CLANG_WARN_SUSPICIOUS_MOVE = YES;
				CLANG_WARN_UNGUARDED_AVAILABILITY = YES_AGGRESSIVE;
				CLANG_WARN_UNREACHABLE_CODE = YES;
				CLANG_WARN__DUPLICATE_METHOD_MATCH = YES;
				COPY_PHASE_STRIP = NO;
				DEBUG_INFORMATION_FORMAT = "dwarf-with-dsym";
				ENABLE_NS_ASSERTIONS = NO;
				ENABLE_STRICT_OBJC_MSGSEND = YES;
				GCC_C_LANGUAGE_STANDARD = gnu11;
				GCC_NO_COMMON_BLOCKS = YES;
				GCC_WARN_64_TO_32_BIT_CONVERSION = YES;
				GCC_WARN_ABOUT_RETURN_TYPE = YES_ERROR;
				GCC_WARN_UNDECLARED_SELECTOR = YES;
				GCC_WARN_UNINITIALIZED_AUTOS = YES_AGGRESSIVE;
				GCC_WARN_UNUSED_FUNCTION = YES;
				GCC_WARN_UNUSED_VARIABLE = YES;
				IPHONEOS_DEPLOYMENT_TARGET = 16.4;
				MTL_ENABLE_DEBUG_INFO = NO;
				MTL_FAST_MATH = YES;
				SDKROOT = iphoneos;
				SWIFT_COMPILATION_MODE = wholemodule;
				SWIFT_OPTIMIZATION_LEVEL = "-O";
				VALIDATE_PRODUCT = YES;
			};
			name = Release;
		};
		4C3862B52A75881C005C9C3B /* Debug */ = {
			isa = XCBuildConfiguration;
			buildSettings = {
				ASSETCATALOG_COMPILER_APPICON_NAME = AppIcon;
				ASSETCATALOG_COMPILER_GLOBAL_ACCENT_COLOR_NAME = AccentColor;
				ASSETCATALOG_COMPILER_INCLUDE_ALL_APPICON_ASSETS = YES;
				CODE_SIGN_STYLE = Automatic;
				CURRENT_PROJECT_VERSION = 2023;
				GENERATE_INFOPLIST_FILE = YES;
				INFOPLIST_FILE = DevPoliChallenge/Resources/Info.plist;
				INFOPLIST_KEY_CFBundleDisplayName = "DevPoli Challenge";
				INFOPLIST_KEY_LSApplicationCategoryType = "public.app-category.education";
				INFOPLIST_KEY_UIApplicationSupportsIndirectInputEvents = YES;
				INFOPLIST_KEY_UILaunchStoryboardName = LaunchScreen.storyboard;
				INFOPLIST_KEY_UIMainStoryboardFile = "";
				INFOPLIST_KEY_UISupportedInterfaceOrientations = UIInterfaceOrientationPortrait;
				INFOPLIST_KEY_UISupportedInterfaceOrientations_iPad = "UIInterfaceOrientationPortrait UIInterfaceOrientationPortraitUpsideDown";
				IPHONEOS_DEPLOYMENT_TARGET = 14.0;
				LD_RUNPATH_SEARCH_PATHS = (
					"$(inherited)",
					"@executable_path/Frameworks",
				);
				MARKETING_VERSION = 1.0.0;
				PRODUCT_BUNDLE_IDENTIFIER = com.devpoli.DevPoliChallenge;
				PRODUCT_NAME = "$(TARGET_NAME)";
				SWIFT_EMIT_LOC_STRINGS = YES;
				SWIFT_VERSION = 5.0;
				TARGETED_DEVICE_FAMILY = "1,2";
			};
			name = Debug;
		};
		4C3862B62A75881C005C9C3B /* Release */ = {
			isa = XCBuildConfiguration;
			buildSettings = {
				ASSETCATALOG_COMPILER_APPICON_NAME = AppIcon;
				ASSETCATALOG_COMPILER_GLOBAL_ACCENT_COLOR_NAME = AccentColor;
				ASSETCATALOG_COMPILER_INCLUDE_ALL_APPICON_ASSETS = YES;
				CODE_SIGN_STYLE = Automatic;
				CURRENT_PROJECT_VERSION = 2023;
				GENERATE_INFOPLIST_FILE = YES;
				INFOPLIST_FILE = DevPoliChallenge/Resources/Info.plist;
				INFOPLIST_KEY_CFBundleDisplayName = "DevPoli Challenge";
				INFOPLIST_KEY_LSApplicationCategoryType = "public.app-category.education";
				INFOPLIST_KEY_UIApplicationSupportsIndirectInputEvents = YES;
				INFOPLIST_KEY_UILaunchStoryboardName = LaunchScreen.storyboard;
				INFOPLIST_KEY_UIMainStoryboardFile = "";
				INFOPLIST_KEY_UISupportedInterfaceOrientations = UIInterfaceOrientationPortrait;
				INFOPLIST_KEY_UISupportedInterfaceOrientations_iPad = "UIInterfaceOrientationPortrait UIInterfaceOrientationPortraitUpsideDown";
				IPHONEOS_DEPLOYMENT_TARGET = 14.0;
				LD_RUNPATH_SEARCH_PATHS = (
					"$(inherited)",
					"@executable_path/Frameworks",
				);
				MARKETING_VERSION = 1.0.0;
				PRODUCT_BUNDLE_IDENTIFIER = com.devpoli.DevPoliChallenge;
				PRODUCT_NAME = "$(TARGET_NAME)";
				SWIFT_EMIT_LOC_STRINGS = YES;
				SWIFT_VERSION = 5.0;
				TARGETED_DEVICE_FAMILY = "1,2";
			};
			name = Release;
		};
/* End XCBuildConfiguration section */

/* Begin XCConfigurationList section */
		4C38629B2A758819005C9C3B /* Build configuration list for PBXProject "DevPoliChallenge" */ = {
			isa = XCConfigurationList;
			buildConfigurations = (
				4C3862B22A75881C005C9C3B /* Debug */,
				4C3862B32A75881C005C9C3B /* Release */,
			);
			defaultConfigurationIsVisible = 0;
			defaultConfigurationName = Release;
		};
		4C3862B42A75881C005C9C3B /* Build configuration list for PBXNativeTarget "DevPoliChallenge" */ = {
			isa = XCConfigurationList;
			buildConfigurations = (
				4C3862B52A75881C005C9C3B /* Debug */,
				4C3862B62A75881C005C9C3B /* Release */,
			);
			defaultConfigurationIsVisible = 0;
			defaultConfigurationName = Release;
		};
/* End XCConfigurationList section */
	};
	rootObject = 4C3862982A758819005C9C3B /* Project object */;
}
